
Microsoft Visual Studio Solution File, Format Version 11.00
# Visual Studio 2010
Project("{FAE04EC0-301F-11D3-BF4B-00C04F79EFBC}") = "Toolkit", "Toolkit\Toolkit.csproj", "{05504CBD-3D7D-47F4-AD75-46CE238BE96F}"
EndProject
Project("{FAE04EC0-301F-11D3-BF4B-00C04F79EFBC}") = "ToolkitTesting", "ToolkitTesting\ToolkitTesting.csproj", "{15B1B351-E404-4B6C-9E2A-75E9D6769EA2}"
EndProject
Global
	GlobalSection(SolutionConfigurationPlatforms) = preSolution
		Debug|Any CPU = Debug|Any CPU
		Debug|Mixed Platforms = Debug|Mixed Platforms
		Debug|x86 = Debug|x86
		Release|Any CPU = Release|Any CPU
		Release|Mixed Platforms = Release|Mixed Platforms
		Release|x86 = Release|x86
	EndGlobalSection
	GlobalSection(ProjectConfigurationPlatforms) = postSolution
		{05504CBD-3D7D-47F4-AD75-46CE238BE96F}.Debug|Any CPU.ActiveCfg = Debug|Any CPU
		{05504CBD-3D7D-47F4-AD75-46CE238BE96F}.Debug|Any CPU.Build.0 = Debug|Any CPU
		{05504CBD-3D7D-47F4-AD75-46CE238BE96F}.Debug|Mixed Platforms.ActiveCfg = Debug|Any CPU
		{05504CBD-3D7D-47F4-AD75-46CE238BE96F}.Debug|Mixed Platforms.Build.0 = Debug|Any CPU
		{05504CBD-3D7D-47F4-AD75-46CE238BE96F}.Debug|x86.ActiveCfg = Debug|Any CPU
		{05504CBD-3D7D-47F4-AD75-46CE238BE96F}.Release|Any CPU.ActiveCfg = Release|Any CPU
		{05504CBD-3D7D-47F4-AD75-46CE238BE96F}.Release|Any CPU.Build.0 = Release|Any CPU
		{05504CBD-3D7D-47F4-AD75-46CE238BE96F}.Release|Mixed Platforms.ActiveCfg = Release|Any CPU
		{05504CBD-3D7D-47F4-AD75-46CE238BE96F}.Release|Mixed Platforms.Build.0 = Release|Any CPU
		{05504CBD-3D7D-47F4-AD75-46CE238BE96F}.Release|x86.ActiveCfg = Release|Any CPU
		{15B1B351-E404-4B6C-9E2A-75E9D6769EA2}.Debug|Any CPU.ActiveCfg = Debug|x86
		{15B1B351-E404-4B6C-9E2A-75E9D6769EA2}.Debug|Mixed Platforms.ActiveCfg = Debug|x86
		{15B1B351-E404-4B6C-9E2A-75E9D6769EA2}.Debug|Mixed Platforms.Build.0 = Debug|x86
		{15B1B351-E404-4B6C-9E2A-75E9D6769EA2}.Debug|x86.ActiveCfg = Debug|x86
		{15B1B351-E404-4B6C-9E2A-75E9D6769EA2}.Debug|x86.Build.0 = Debug|x86
		{15B1B351-E404-4B6C-9E2A-75E9D6769EA2}.Release|Any CPU.ActiveCfg = Release|x86
		{15B1B351-E404-4B6C-9E2A-75E9D6769EA2}.Release|Mixed Platforms.ActiveCfg = Release|x86
		{15B1B351-E404-4B6C-9E2A-75E9D6769EA2}.Release|Mixed Platforms.Build.0 = Release|x86
		{15B1B351-E404-4B6C-9E2A-75E9D6769EA2}.Release|x86.ActiveCfg = Release|x86
		{15B1B351-E404-4B6C-9E2A-75E9D6769EA2}.Release|x86.Build.0 = Release|x86
	EndGlobalSection
	GlobalSection(SolutionProperties) = preSolution
		HideSolutionNode = FALSE
	EndGlobalSection
EndGlobal
